
Microsoft Visual Studio Solution File, Format Version 12.00
# Visual Studio Version 17
VisualStudioVersion = 17.3.32505.426
MinimumVisualStudioVersion = 10.0.40219.1
Project("{FAE04EC0-301F-11D3-BF4B-00C04F79EFBC}") = "DOBlazorApp.Server", "Server\DOBlazorApp.Server.csproj", "{5BFCC24B-B5BD-436B-898F-FD9D39C167A3}"
EndProject
Project("{FAE04EC0-301F-11D3-BF4B-00C04F79EFBC}") = "DOBlazorApp.Client", "Client\DOBlazorApp.Client.csproj", "{EE3DBA20-918A-40C7-9620-8604D8F07438}"
EndProject
Project("{FAE04EC0-301F-11D3-BF4B-00C04F79EFBC}") = "DOBlazorApp.Shared", "Shared\DOBlazorApp.Shared.csproj", "{8A03DFDB-101B-4306-A425-68CA405EB690}"
EndProject
Global
	GlobalSection(SolutionConfigurationPlatforms) = preSolution
		Debug|Any CPU = Debug|Any CPU
		Release|Any CPU = Release|Any CPU
	EndGlobalSection
	GlobalSection(ProjectConfigurationPlatforms) = postSolution
		{5BFCC24B-B5BD-436B-898F-FD9D39C167A3}.Debug|Any CPU.ActiveCfg = Debug|Any CPU
		{5BFCC24B-B5BD-436B-898F-FD9D39C167A3}.Debug|Any CPU.Build.0 = Debug|Any CPU
		{5BFCC24B-B5BD-436B-898F-FD9D39C167A3}.Release|Any CPU.ActiveCfg = Release|Any CPU
		{5BFCC24B-B5BD-436B-898F-FD9D39C167A3}.Release|Any CPU.Build.0 = Release|Any CPU
		{EE3DBA20-918A-40C7-9620-8604D8F07438}.Debug|Any CPU.ActiveCfg = Debug|Any CPU
		{EE3DBA20-918A-40C7-9620-8604D8F07438}.Debug|Any CPU.Build.0 = Debug|Any CPU
		{EE3DBA20-918A-40C7-9620-8604D8F07438}.Release|Any CPU.ActiveCfg = Release|Any CPU
		{EE3DBA20-918A-40C7-9620-8604D8F07438}.Release|Any CPU.Build.0 = Release|Any CPU
		{8A03DFDB-101B-4306-A425-68CA405EB690}.Debug|Any CPU.ActiveCfg = Debug|Any CPU
		{8A03DFDB-101B-4306-A425-68CA405EB690}.Debug|Any CPU.Build.0 = Debug|Any CPU
		{8A03DFDB-101B-4306-A425-68CA405EB690}.Release|Any CPU.ActiveCfg = Release|Any CPU
		{8A03DFDB-101B-4306-A425-68CA405EB690}.Release|Any CPU.Build.0 = Release|Any CPU
	EndGlobalSection
	GlobalSection(SolutionProperties) = preSolution
		HideSolutionNode = FALSE
	EndGlobalSection
	GlobalSection(ExtensibilityGlobals) = postSolution
		SolutionGuid = {45840D9F-E45C-487B-8911-E18B92CE8ECF}
	EndGlobalSection
EndGlobal
